
Microsoft Visual Studio Solution File, Format Version 12.00
# Visual Studio Version 17
VisualStudioVersion = 17.8.34330.188
MinimumVisualStudioVersion = 10.0.40219.1
Project("{FAE04EC0-301F-11D3-BF4B-00C04F79EFBC}") = "test202", "test202.csproj", "{AB3A7245-0F08-4482-BF38-F475A7466910}"
EndProject
Global
	GlobalSection(SolutionConfigurationPlatforms) = preSolution
		Debug|Any CPU = Debug|Any CPU
		Release|Any CPU = Release|Any CPU
	EndGlobalSection
	GlobalSection(ProjectConfigurationPlatforms) = postSolution
		{AB3A7245-0F08-4482-BF38-F475A7466910}.Debug|Any CPU.ActiveCfg = Debug|Any CPU
		{AB3A7245-0F08-4482-BF38-F475A7466910}.Debug|Any CPU.Build.0 = Debug|Any CPU
		{AB3A7245-0F08-4482-BF38-F475A7466910}.Release|Any CPU.ActiveCfg = Release|Any CPU
		{AB3A7245-0F08-4482-BF38-F475A7466910}.Release|Any CPU.Build.0 = Release|Any CPU
	EndGlobalSection
	GlobalSection(SolutionProperties) = preSolution
		HideSolutionNode = FALSE
	EndGlobalSection
	GlobalSection(ExtensibilityGlobals) = postSolution
		SolutionGuid = {8FD69C5F-F278-4756-8929-DF1ABE6FA156}
	EndGlobalSection
EndGlobal
